
Microsoft Visual Studio Solution File, Format Version 12.00
# Visual Studio Version 16
VisualStudioVersion = 16.0.35931.194
MinimumVisualStudioVersion = 10.0.40219.1
Project("{FAE04EC0-301F-11D3-BF4B-00C04F79EFBC}") = "CaregiverLiteWCF", "CaregiverLiteWCF\CaregiverLiteWCF.csproj", "{CDED4BAB-91A8-4D19-AF4C-A6A59B84C0E9}"
EndProject
Project("{FAE04EC0-301F-11D3-BF4B-00C04F79EFBC}") = "CaregiverLite", "CaregiverLite\CaregiverLite.csproj", "{43CAB6FD-7AAD-468E-8B53-2565D716D25D}"
	ProjectSection(ProjectDependencies) = postProject
		{CDED4BAB-91A8-4D19-AF4C-A6A59B84C0E9} = {CDED4BAB-91A8-4D19-AF4C-A6A59B84C0E9}
	EndProjectSection
EndProject
Global
	GlobalSection(SolutionConfigurationPlatforms) = preSolution
		Debug|Any CPU = Debug|Any CPU
		Debug|x64 = Debug|x64
		Debug|x86 = Debug|x86
		Release|Any CPU = Release|Any CPU
		Release|x64 = Release|x64
		Release|x86 = Release|x86
	EndGlobalSection
	GlobalSection(ProjectConfigurationPlatforms) = postSolution
		{CDED4BAB-91A8-4D19-AF4C-A6A59B84C0E9}.Debug|Any CPU.ActiveCfg = Debug|Any CPU
		{CDED4BAB-91A8-4D19-AF4C-A6A59B84C0E9}.Debug|Any CPU.Build.0 = Debug|Any CPU
		{CDED4BAB-91A8-4D19-AF4C-A6A59B84C0E9}.Debug|x64.ActiveCfg = Debug|Any CPU
		{CDED4BAB-91A8-4D19-AF4C-A6A59B84C0E9}.Debug|x64.Build.0 = Debug|Any CPU
		{CDED4BAB-91A8-4D19-AF4C-A6A59B84C0E9}.Debug|x86.ActiveCfg = Debug|Any CPU
		{CDED4BAB-91A8-4D19-AF4C-A6A59B84C0E9}.Debug|x86.Build.0 = Debug|Any CPU
		{CDED4BAB-91A8-4D19-AF4C-A6A59B84C0E9}.Release|Any CPU.ActiveCfg = Release|Any CPU
		{CDED4BAB-91A8-4D19-AF4C-A6A59B84C0E9}.Release|Any CPU.Build.0 = Release|Any CPU
		{CDED4BAB-91A8-4D19-AF4C-A6A59B84C0E9}.Release|x64.ActiveCfg = Release|Any CPU
		{CDED4BAB-91A8-4D19-AF4C-A6A59B84C0E9}.Release|x64.Build.0 = Release|Any CPU
		{CDED4BAB-91A8-4D19-AF4C-A6A59B84C0E9}.Release|x86.ActiveCfg = Release|Any CPU
		{CDED4BAB-91A8-4D19-AF4C-A6A59B84C0E9}.Release|x86.Build.0 = Release|Any CPU
		{43CAB6FD-7AAD-468E-8B53-2565D716D25D}.Debug|Any CPU.ActiveCfg = Debug|Any CPU
		{43CAB6FD-7AAD-468E-8B53-2565D716D25D}.Debug|Any CPU.Build.0 = Debug|Any CPU
		{43CAB6FD-7AAD-468E-8B53-2565D716D25D}.Debug|x64.ActiveCfg = Debug|Any CPU
		{43CAB6FD-7AAD-468E-8B53-2565D716D25D}.Debug|x64.Build.0 = Debug|Any CPU
		{43CAB6FD-7AAD-468E-8B53-2565D716D25D}.Debug|x86.ActiveCfg = Debug|x86
		{43CAB6FD-7AAD-468E-8B53-2565D716D25D}.Debug|x86.Build.0 = Debug|x86
		{43CAB6FD-7AAD-468E-8B53-2565D716D25D}.Release|Any CPU.ActiveCfg = Release|Any CPU
		{43CAB6FD-7AAD-468E-8B53-2565D716D25D}.Release|Any CPU.Build.0 = Release|Any CPU
		{43CAB6FD-7AAD-468E-8B53-2565D716D25D}.Release|x64.ActiveCfg = Release|x64
		{43CAB6FD-7AAD-468E-8B53-2565D716D25D}.Release|x64.Build.0 = Release|x64
		{43CAB6FD-7AAD-468E-8B53-2565D716D25D}.Release|x86.ActiveCfg = Release|x86
		{43CAB6FD-7AAD-468E-8B53-2565D716D25D}.Release|x86.Build.0 = Release|x86
	EndGlobalSection
	GlobalSection(SolutionProperties) = preSolution
		HideSolutionNode = FALSE
	EndGlobalSection
	GlobalSection(ExtensibilityGlobals) = postSolution
		SolutionGuid = {9D7F9E69-A532-499F-A933-D5080937A656}
	EndGlobalSection
EndGlobal
